
Microsoft Visual Studio Solution File, Format Version 12.00
# Visual Studio 2013
VisualStudioVersion = 12.0.40629.0
MinimumVisualStudioVersion = 10.0.40219.1
Project("{FAE04EC0-301F-11D3-BF4B-00C04F79EFBC}") = "IIS_VIP_Checkup", "IIS_VIP_Checkup\IIS_VIP_Checkup.csproj", "{4B748FE2-A908-4E89-B903-F2EF98B1ADE6}"
EndProject
Project("{FAE04EC0-301F-11D3-BF4B-00C04F79EFBC}") = "VS2013_Extensions", "VS2013_Extensions\VS2013_Extensions\VS2013_Extensions.csproj", "{26A9F757-BEDC-4393-A20C-80750729A70C}"
EndProject
Global
	GlobalSection(SolutionConfigurationPlatforms) = preSolution
		Debug|Any CPU = Debug|Any CPU
		Release|Any CPU = Release|Any CPU
	EndGlobalSection
	GlobalSection(ProjectConfigurationPlatforms) = postSolution
		{4B748FE2-A908-4E89-B903-F2EF98B1ADE6}.Debug|Any CPU.ActiveCfg = Debug|Any CPU
		{4B748FE2-A908-4E89-B903-F2EF98B1ADE6}.Debug|Any CPU.Build.0 = Debug|Any CPU
		{4B748FE2-A908-4E89-B903-F2EF98B1ADE6}.Release|Any CPU.ActiveCfg = Release|Any CPU
		{4B748FE2-A908-4E89-B903-F2EF98B1ADE6}.Release|Any CPU.Build.0 = Release|Any CPU
		{26A9F757-BEDC-4393-A20C-80750729A70C}.Debug|Any CPU.ActiveCfg = Debug|Any CPU
		{26A9F757-BEDC-4393-A20C-80750729A70C}.Debug|Any CPU.Build.0 = Debug|Any CPU
		{26A9F757-BEDC-4393-A20C-80750729A70C}.Release|Any CPU.ActiveCfg = Release|Any CPU
		{26A9F757-BEDC-4393-A20C-80750729A70C}.Release|Any CPU.Build.0 = Release|Any CPU
	EndGlobalSection
	GlobalSection(SolutionProperties) = preSolution
		HideSolutionNode = FALSE
	EndGlobalSection
EndGlobal
